
Microsoft Visual Studio Solution File, Format Version 12.00
# Visual Studio 15
Project("{FAE04EC0-301F-11D3-BF4B-00C04F79EFBC}") = "Assembly-CSharp-firstpass", "Assembly-CSharp-firstpass.csproj", "{4E9A0D89-C03F-7ADD-E196-4B2AD85FCAC6}"
EndProject
Project("{FAE04EC0-301F-11D3-BF4B-00C04F79EFBC}") = "Assembly-CSharp", "Assembly-CSharp.csproj", "{9636A29B-AC52-A016-E7FF-19E4F9BD3CCC}"
EndProject
Project("{FAE04EC0-301F-11D3-BF4B-00C04F79EFBC}") = "Assembly-CSharp-Editor-firstpass", "Assembly-CSharp-Editor-firstpass.csproj", "{FE076C1C-B193-538F-05B4-9031578ED338}"
EndProject
Global
	GlobalSection(SolutionConfigurationPlatforms) = preSolution
		Debug|Any CPU = Debug|Any CPU
		Release|Any CPU = Release|Any CPU
	EndGlobalSection
	GlobalSection(ProjectConfigurationPlatforms) = postSolution
		{4E9A0D89-C03F-7ADD-E196-4B2AD85FCAC6}.Debug|Any CPU.ActiveCfg = Debug|Any CPU
		{4E9A0D89-C03F-7ADD-E196-4B2AD85FCAC6}.Debug|Any CPU.Build.0 = Debug|Any CPU
		{4E9A0D89-C03F-7ADD-E196-4B2AD85FCAC6}.Release|Any CPU.ActiveCfg = Release|Any CPU
		{4E9A0D89-C03F-7ADD-E196-4B2AD85FCAC6}.Release|Any CPU.Build.0 = Release|Any CPU
		{9636A29B-AC52-A016-E7FF-19E4F9BD3CCC}.Debug|Any CPU.ActiveCfg = Debug|Any CPU
		{9636A29B-AC52-A016-E7FF-19E4F9BD3CCC}.Debug|Any CPU.Build.0 = Debug|Any CPU
		{9636A29B-AC52-A016-E7FF-19E4F9BD3CCC}.Release|Any CPU.ActiveCfg = Release|Any CPU
		{9636A29B-AC52-A016-E7FF-19E4F9BD3CCC}.Release|Any CPU.Build.0 = Release|Any CPU
		{FE076C1C-B193-538F-05B4-9031578ED338}.Debug|Any CPU.ActiveCfg = Debug|Any CPU
		{FE076C1C-B193-538F-05B4-9031578ED338}.Debug|Any CPU.Build.0 = Debug|Any CPU
		{FE076C1C-B193-538F-05B4-9031578ED338}.Release|Any CPU.ActiveCfg = Release|Any CPU
		{FE076C1C-B193-538F-05B4-9031578ED338}.Release|Any CPU.Build.0 = Release|Any CPU
	EndGlobalSection
	GlobalSection(SolutionProperties) = preSolution
		HideSolutionNode = FALSE
	EndGlobalSection
EndGlobal
